
Microsoft Visual Studio Solution File, Format Version 12.00
# Visual Studio Version 17
VisualStudioVersion = 17.14.36623.8 d17.14
MinimumVisualStudioVersion = 10.0.40219.1
Project("{FAE04EC0-301F-11D3-BF4B-00C04F79EFBC}") = "Core123", "Core123\Core123.csproj", "{22CC882C-A7AB-450D-9EA6-8C8DC39AF429}"
EndProject
Global
	GlobalSection(SolutionConfigurationPlatforms) = preSolution
		Debug|Any CPU = Debug|Any CPU
		Release|Any CPU = Release|Any CPU
	EndGlobalSection
	GlobalSection(ProjectConfigurationPlatforms) = postSolution
		{22CC882C-A7AB-450D-9EA6-8C8DC39AF429}.Debug|Any CPU.ActiveCfg = Debug|Any CPU
		{22CC882C-A7AB-450D-9EA6-8C8DC39AF429}.Debug|Any CPU.Build.0 = Debug|Any CPU
		{22CC882C-A7AB-450D-9EA6-8C8DC39AF429}.Release|Any CPU.ActiveCfg = Release|Any CPU
		{22CC882C-A7AB-450D-9EA6-8C8DC39AF429}.Release|Any CPU.Build.0 = Release|Any CPU
	EndGlobalSection
	GlobalSection(SolutionProperties) = preSolution
		HideSolutionNode = FALSE
	EndGlobalSection
	GlobalSection(ExtensibilityGlobals) = postSolution
		SolutionGuid = {A69D287B-E31C-4C4D-BD46-52A9C8D44F50}
	EndGlobalSection
EndGlobal
